// !$*UTF8*$!
{
	archiveVersion = 1;
	classes = {
	};
	objectVersion = 56;
	objects = {

/* Begin PBXBuildFile section */
		273A70442969E41D00B52B4D /* MyDictionaryApp.swift in Sources */ = {isa = PBXBuildFile; fileRef = 273A70432969E41D00B52B4D /* MyDictionaryApp.swift */; };
		273A70462969E41D00B52B4D /* ContentView.swift in Sources */ = {isa = PBXBuildFile; fileRef = 273A70452969E41D00B52B4D /* ContentView.swift */; };
		273A70482969E42100B52B4D /* Assets.xcassets in Resources */ = {isa = PBXBuildFile; fileRef = 273A70472969E42100B52B4D /* Assets.xcassets */; };
		273A704B2969E42100B52B4D /* Preview Assets.xcassets in Resources */ = {isa = PBXBuildFile; fileRef = 273A704A2969E42100B52B4D /* Preview Assets.xcassets */; };
		273A70552969E42100B52B4D /* MyDictionaryTests.swift in Sources */ = {isa = PBXBuildFile; fileRef = 273A70542969E42100B52B4D /* MyDictionaryTests.swift */; };
		273A705F2969E42100B52B4D /* MyDictionaryUITests.swift in Sources */ = {isa = PBXBuildFile; fileRef = 273A705E2969E42100B52B4D /* MyDictionaryUITests.swift */; };
		273A70612969E42100B52B4D /* MyDictionaryUITestsLaunchTests.swift in Sources */ = {isa = PBXBuildFile; fileRef = 273A70602969E42100B52B4D /* MyDictionaryUITestsLaunchTests.swift */; };
		273A706E2969EA4400B52B4D /* DictionaryObject.json in Resources */ = {isa = PBXBuildFile; fileRef = 273A706D2969EA4400B52B4D /* DictionaryObject.json */; };
		273A70712969EBC900B52B4D /* DictionaryViewModel.swift in Sources */ = {isa = PBXBuildFile; fileRef = 273A70702969EBC900B52B4D /* DictionaryViewModel.swift */; };
/* End PBXBuildFile section */

/* Begin PBXContainerItemProxy section */
		273A70512969E42100B52B4D /* PBXContainerItemProxy */ = {
			isa = PBXContainerItemProxy;
			containerPortal = 273A70382969E41D00B52B4D /* Project object */;
			proxyType = 1;
			remoteGlobalIDString = 273A703F2969E41D00B52B4D;
			remoteInfo = MyDictionary;
		};
		273A705B2969E42100B52B4D /* PBXContainerItemProxy */ = {
			isa = PBXContainerItemProxy;
			containerPortal = 273A70382969E41D00B52B4D /* Project object */;
			proxyType = 1;
			remoteGlobalIDString = 273A703F2969E41D00B52B4D;
			remoteInfo = MyDictionary;
		};
/* End PBXContainerItemProxy section */

/* Begin PBXFileReference section */
		273A70402969E41D00B52B4D /* MyDictionary.app */ = {isa = PBXFileReference; explicitFileType = wrapper.application; includeInIndex = 0; path = MyDictionary.app; sourceTree = BUILT_PRODUCTS_DIR; };
		273A70432969E41D00B52B4D /* MyDictionaryApp.swift */ = {isa = PBXFileReference; lastKnownFileType = sourcecode.swift; path = MyDictionaryApp.swift; sourceTree = "<group>"; };
		273A70452969E41D00B52B4D /* ContentView.swift */ = {isa = PBXFileReference; lastKnownFileType = sourcecode.swift; path = ContentView.swift; sourceTree = "<group>"; };
		273A70472969E42100B52B4D /* Assets.xcassets */ = {isa = PBXFileReference; lastKnownFileType = folder.assetcatalog; path = Assets.xcassets; sourceTree = "<group>"; };
		273A704A2969E42100B52B4D /* Preview Assets.xcassets */ = {isa = PBXFileReference; lastKnownFileType = folder.assetcatalog; path = "Preview Assets.xcassets"; sourceTree = "<group>"; };
		273A70502969E42100B52B4D /* MyDictionaryTests.xctest */ = {isa = PBXFileReference; explicitFileType = wrapper.cfbundle; includeInIndex = 0; path = MyDictionaryTests.xctest; sourceTree = BUILT_PRODUCTS_DIR; };
		273A70542969E42100B52B4D /* MyDictionaryTests.swift */ = {isa = PBXFileReference; lastKnownFileType = sourcecode.swift; path = MyDictionaryTests.swift; sourceTree = "<group>"; };
		273A705A2969E42100B52B4D /* MyDictionaryUITests.xctest */ = {isa = PBXFileReference; explicitFileType = wrapper.cfbundle; includeInIndex = 0; path = MyDictionaryUITests.xctest; sourceTree = BUILT_PRODUCTS_DIR; };
		273A705E2969E42100B52B4D /* MyDictionaryUITests.swift */ = {isa = PBXFileReference; lastKnownFileType = sourcecode.swift; path = MyDictionaryUITests.swift; sourceTree = "<group>"; };
		273A70602969E42100B52B4D /* MyDictionaryUITestsLaunchTests.swift */ = {isa = PBXFileReference; lastKnownFileType = sourcecode.swift; path = MyDictionaryUITestsLaunchTests.swift; sourceTree = "<group>"; };
		273A706D2969EA4400B52B4D /* DictionaryObject.json */ = {isa = PBXFileReference; lastKnownFileType = text.json; path = DictionaryObject.json; sourceTree = "<group>"; };
		273A70702969EBC900B52B4D /* DictionaryViewModel.swift */ = {isa = PBXFileReference; lastKnownFileType = sourcecode.swift; path = DictionaryViewModel.swift; sourceTree = "<group>"; };
/* End PBXFileReference section */

/* Begin PBXFrameworksBuildPhase section */
		273A703D2969E41D00B52B4D /* Frameworks */ = {
			isa = PBXFrameworksBuildPhase;
			buildActionMask = 2147483647;
			files = (
			);
			runOnlyForDeploymentPostprocessing = 0;
		};
		273A704D2969E42100B52B4D /* Frameworks */ = {
			isa = PBXFrameworksBuildPhase;
			buildActionMask = 2147483647;
			files = (
			);
			runOnlyForDeploymentPostprocessing = 0;
		};
		273A70572969E42100B52B4D /* Frameworks */ = {
			isa = PBXFrameworksBuildPhase;
			buildActionMask = 2147483647;
			files = (
			);
			runOnlyForDeploymentPostprocessing = 0;
		};
/* End PBXFrameworksBuildPhase section */

/* Begin PBXGroup section */
		273A70372969E41D00B52B4D = {
			isa = PBXGroup;
			children = (
				273A70422969E41D00B52B4D /* MyDictionary */,
				273A70532969E42100B52B4D /* MyDictionaryTests */,
				273A705D2969E42100B52B4D /* MyDictionaryUITests */,
				273A70412969E41D00B52B4D /* Products */,
			);
			sourceTree = "<group>";
		};
		273A70412969E41D00B52B4D /* Products */ = {
			isa = PBXGroup;
			children = (
				273A70402969E41D00B52B4D /* MyDictionary.app */,
				273A70502969E42100B52B4D /* MyDictionaryTests.xctest */,
				273A705A2969E42100B52B4D /* MyDictionaryUITests.xctest */,
			);
			name = Products;
			sourceTree = "<group>";
		};
		273A70422969E41D00B52B4D /* MyDictionary */ = {
			isa = PBXGroup;
			children = (
				273A706F2969EAEE00B52B4D /* ViewModel */,
				273A70432969E41D00B52B4D /* MyDictionaryApp.swift */,
				273A70452969E41D00B52B4D /* ContentView.swift */,
				273A70472969E42100B52B4D /* Assets.xcassets */,
				273A70492969E42100B52B4D /* Preview Content */,
				273A706D2969EA4400B52B4D /* DictionaryObject.json */,
			);
			path = MyDictionary;
			sourceTree = "<group>";
		};
		273A70492969E42100B52B4D /* Preview Content */ = {
			isa = PBXGroup;
			children = (
				273A704A2969E42100B52B4D /* Preview Assets.xcassets */,
			);
			path = "Preview Content";
			sourceTree = "<group>";
		};
		273A70532969E42100B52B4D /* MyDictionaryTests */ = {
			isa = PBXGroup;
			children = (
				273A70542969E42100B52B4D /* MyDictionaryTests.swift */,
			);
			path = MyDictionaryTests;
			sourceTree = "<group>";
		};
		273A705D2969E42100B52B4D /* MyDictionaryUITests */ = {
			isa = PBXGroup;
			children = (
				273A705E2969E42100B52B4D /* MyDictionaryUITests.swift */,
				273A70602969E42100B52B4D /* MyDictionaryUITestsLaunchTests.swift */,
			);
			path = MyDictionaryUITests;
			sourceTree = "<group>";
		};
		273A706F2969EAEE00B52B4D /* ViewModel */ = {
			isa = PBXGroup;
			children = (
				273A70702969EBC900B52B4D /* DictionaryViewModel.swift */,
			);
			path = ViewModel;
			sourceTree = "<group>";
		};
/* End PBXGroup section */

/* Begin PBXNativeTarget section */
		273A703F2969E41D00B52B4D /* MyDictionary */ = {
			isa = PBXNativeTarget;
			buildConfigurationList = 273A70642969E42100B52B4D /* Build configuration list for PBXNativeTarget "MyDictionary" */;
			buildPhases = (
				273A703C2969E41D00B52B4D /* Sources */,
				273A703D2969E41D00B52B4D /* Frameworks */,
				273A703E2969E41D00B52B4D /* Resources */,
			);
			buildRules = (
			);
			dependencies = (
			);
			name = MyDictionary;
			productName = MyDictionary;
			productReference = 273A70402969E41D00B52B4D /* MyDictionary.app */;
			productType = "com.apple.product-type.application";
		};
		273A704F2969E42100B52B4D /* MyDictionaryTests */ = {
			isa = PBXNativeTarget;
			buildConfigurationList = 273A70672969E42100B52B4D /* Build configuration list for PBXNativeTarget "MyDictionaryTests" */;
			buildPhases = (
				273A704C2969E42100B52B4D /* Sources */,
				273A704D2969E42100B52B4D /* Frameworks */,
				273A704E2969E42100B52B4D /* Resources */,
			);
			buildRules = (
			);
			dependencies = (
				273A70522969E42100B52B4D /* PBXTargetDependency */,
			);
			name = MyDictionaryTests;
			productName = MyDictionaryTests;
			productReference = 273A70502969E42100B52B4D /* MyDictionaryTests.xctest */;
			productType = "com.apple.product-type.bundle.unit-test";
		};
		273A70592969E42100B52B4D /* MyDictionaryUITests */ = {
			isa = PBXNativeTarget;
			buildConfigurationList = 273A706A2969E42100B52B4D /* Build configuration list for PBXNativeTarget "MyDictionaryUITests" */;
			buildPhases = (
				273A70562969E42100B52B4D /* Sources */,
				273A70572969E42100B52B4D /* Frameworks */,
				273A70582969E42100B52B4D /* Resources */,
			);
			buildRules = (
			);
			dependencies = (
				273A705C2969E42100B52B4D /* PBXTargetDependency */,
			);
			name = MyDictionaryUITests;
			productName = MyDictionaryUITests;
			productReference = 273A705A2969E42100B52B4D /* MyDictionaryUITests.xctest */;
			productType = "com.apple.product-type.bundle.ui-testing";
		};
/* End PBXNativeTarget section */

/* Begin PBXProject section */
		273A70382969E41D00B52B4D /* Project object */ = {
			isa = PBXProject;
			attributes = {
				BuildIndependentTargetsInParallel = 1;
				LastSwiftUpdateCheck = 1400;
				LastUpgradeCheck = 1400;
				TargetAttributes = {
					273A703F2969E41D00B52B4D = {
						CreatedOnToolsVersion = 14.0;
					};
					273A704F2969E42100B52B4D = {
						CreatedOnToolsVersion = 14.0;
						TestTargetID = 273A703F2969E41D00B52B4D;
					};
					273A70592969E42100B52B4D = {
						CreatedOnToolsVersion = 14.0;
						TestTargetID = 273A703F2969E41D00B52B4D;
					};
				};
			};
			buildConfigurationList = 273A703B2969E41D00B52B4D /* Build configuration list for PBXProject "MyDictionary" */;
			compatibilityVersion = "Xcode 14.0";
			developmentRegion = en;
			hasScannedForEncodings = 0;
			knownRegions = (
				en,
				Base,
			);
			mainGroup = 273A70372969E41D00B52B4D;
			productRefGroup = 273A70412969E41D00B52B4D /* Products */;
			projectDirPath = "";
			projectRoot = "";
			targets = (
				273A703F2969E41D00B52B4D /* MyDictionary */,
				273A704F2969E42100B52B4D /* MyDictionaryTests */,
				273A70592969E42100B52B4D /* MyDictionaryUITests */,
			);
		};
/* End PBXProject section */

/* Begin PBXResourcesBuildPhase section */
		273A703E2969E41D00B52B4D /* Resources */ = {
			isa = PBXResourcesBuildPhase;
			buildActionMask = 2147483647;
			files = (
				273A704B2969E42100B52B4D /* Preview Assets.xcassets in Resources */,
				273A706E2969EA4400B52B4D /* DictionaryObject.json in Resources */,
				273A70482969E42100B52B4D /* Assets.xcassets in Resources */,
			);
			runOnlyForDeploymentPostprocessing = 0;
		};
		273A704E2969E42100B52B4D /* Resources */ = {
			isa = PBXResourcesBuildPhase;
			buildActionMask = 2147483647;
			files = (
			);
			runOnlyForDeploymentPostprocessing = 0;
		};
		273A70582969E42100B52B4D /* Resources */ = {
			isa = PBXResourcesBuildPhase;
			buildActionMask = 2147483647;
			files = (
			);
			runOnlyForDeploymentPostprocessing = 0;
		};
/* End PBXResourcesBuildPhase section */

/* Begin PBXSourcesBuildPhase section */
		273A703C2969E41D00B52B4D /* Sources */ = {
			isa = PBXSourcesBuildPhase;
			buildActionMask = 2147483647;
			files = (
				273A70712969EBC900B52B4D /* DictionaryViewModel.swift in Sources */,
				273A70462969E41D00B52B4D /* ContentView.swift in Sources */,
				273A70442969E41D00B52B4D /* MyDictionaryApp.swift in Sources */,
			);
			runOnlyForDeploymentPostprocessing = 0;
		};
		273A704C2969E42100B52B4D /* Sources */ = {
			isa = PBXSourcesBuildPhase;
			buildActionMask = 2147483647;
			files = (
				273A70552969E42100B52B4D /* MyDictionaryTests.swift in Sources */,
			);
			runOnlyForDeploymentPostprocessing = 0;
		};
		273A70562969E42100B52B4D /* Sources */ = {
			isa = PBXSourcesBuildPhase;
			buildActionMask = 2147483647;
			files = (
				273A70612969E42100B52B4D /* MyDictionaryUITestsLaunchTests.swift in Sources */,
				273A705F2969E42100B52B4D /* MyDictionaryUITests.swift in Sources */,
			);
			runOnlyForDeploymentPostprocessing = 0;
		};
/* End PBXSourcesBuildPhase section */

/* Begin PBXTargetDependency section */
		273A70522969E42100B52B4D /* PBXTargetDependency */ = {
			isa = PBXTargetDependency;
			target = 273A703F2969E41D00B52B4D /* MyDictionary */;
			targetProxy = 273A70512969E42100B52B4D /* PBXContainerItemProxy */;
		};
		273A705C2969E42100B52B4D /* PBXTargetDependency */ = {
			isa = PBXTargetDependency;
			target = 273A703F2969E41D00B52B4D /* MyDictionary */;
			targetProxy = 273A705B2969E42100B52B4D /* PBXContainerItemProxy */;
		};
/* End PBXTargetDependency section */

/* Begin XCBuildConfiguration section */
		273A70622969E42100B52B4D /* Debug */ = {
			isa = XCBuildConfiguration;
			buildSettings = {
				ALWAYS_SEARCH_USER_PATHS = NO;
				CLANG_ANALYZER_NONNULL = YES;
				CLANG_ANALYZER_NUMBER_OBJECT_CONVERSION = YES_AGGRESSIVE;
				CLANG_CXX_LANGUAGE_STANDARD = "gnu++20";
				CLANG_ENABLE_MODULES = YES;
				CLANG_ENABLE_OBJC_ARC = YES;
				CLANG_ENABLE_OBJC_WEAK = YES;
				CLANG_WARN_BLOCK_CAPTURE_AUTORELEASING = YES;
				CLANG_WARN_BOOL_CONVERSION = YES;
				CLANG_WARN_COMMA = YES;
				CLANG_WARN_CONSTANT_CONVERSION = YES;
				CLANG_WARN_DEPRECATED_OBJC_IMPLEMENTATIONS = YES;
				CLANG_WARN_DIRECT_OBJC_ISA_USAGE = YES_ERROR;
				CLANG_WARN_DOCUMENTATION_COMMENTS = YES;
				CLANG_WARN_EMPTY_BODY = YES;
				CLANG_WARN_ENUM_CONVERSION = YES;
				CLANG_WARN_INFINITE_RECURSION = YES;
				CLANG_WARN_INT_CONVERSION = YES;
				CLANG_WARN_NON_LITERAL_NULL_CONVERSION = YES;
				CLANG_WARN_OBJC_IMPLICIT_RETAIN_SELF = YES;
				CLANG_WARN_OBJC_LITERAL_CONVERSION = YES;
				CLANG_WARN_OBJC_ROOT_CLASS = YES_ERROR;
				CLANG_WARN_QUOTED_INCLUDE_IN_FRAMEWORK_HEADER = YES;
				CLANG_WARN_RANGE_LOOP_ANALYSIS = YES;
				CLANG_WARN_STRICT_PROTOTYPES = YES;
				CLANG_WARN_SUSPICIOUS_MOVE = YES;
				CLANG_WARN_UNGUARDED_AVAILABILITY = YES_AGGRESSIVE;
				CLANG_WARN_UNREACHABLE_CODE = YES;
				CLANG_WARN__DUPLICATE_METHOD_MATCH = YES;
				COPY_PHASE_STRIP = NO;
				DEBUG_INFORMATION_FORMAT = dwarf;
				ENABLE_STRICT_OBJC_MSGSEND = YES;
				ENABLE_TESTABILITY = YES;
				GCC_C_LANGUAGE_STANDARD = gnu11;
				GCC_DYNAMIC_NO_PIC = NO;
				GCC_NO_COMMON_BLOCKS = YES;
				GCC_OPTIMIZATION_LEVEL = 0;
				GCC_PREPROCESSOR_DEFINITIONS = (
					"DEBUG=1",
					"$(inherited)",
				);
				GCC_WARN_64_TO_32_BIT_CONVERSION = YES;
				GCC_WARN_ABOUT_RETURN_TYPE = YES_ERROR;
				GCC_WARN_UNDECLARED_SELECTOR = YES;
				GCC_WARN_UNINITIALIZED_AUTOS = YES_AGGRESSIVE;
				GCC_WARN_UNUSED_FUNCTION = YES;
				GCC_WARN_UNUSED_VARIABLE = YES;
				IPHONEOS_DEPLOYMENT_TARGET = 16.0;
				MTL_ENABLE_DEBUG_INFO = INCLUDE_SOURCE;
				MTL_FAST_MATH = YES;
				ONLY_ACTIVE_ARCH = YES;
				SDKROOT = iphoneos;
				SWIFT_ACTIVE_COMPILATION_CONDITIONS = DEBUG;
				SWIFT_OPTIMIZATION_LEVEL = "-Onone";
			};
			name = Debug;
		};
		273A70632969E42100B52B4D /* Release */ = {
			isa = XCBuildConfiguration;
			buildSettings = {
				ALWAYS_SEARCH_USER_PATHS = NO;
				CLANG_ANALYZER_NONNULL = YES;
				CLANG_ANALYZER_NUMBER_OBJECT_CONVERSION = YES_AGGRESSIVE;
				CLANG_CXX_LANGUAGE_STANDARD = "gnu++20";
				CLANG_ENABLE_MODULES = YES;
				CLANG_ENABLE_OBJC_ARC = YES;
				CLANG_ENABLE_OBJC_WEAK = YES;
				CLANG_WARN_BLOCK_CAPTURE_AUTORELEASING = YES;
				CLANG_WARN_BOOL_CONVERSION = YES;
				CLANG_WARN_COMMA = YES;
				CLANG_WARN_CONSTANT_CONVERSION = YES;
				CLANG_WARN_DEPRECATED_OBJC_IMPLEMENTATIONS = YES;
				CLANG_WARN_DIRECT_OBJC_ISA_USAGE = YES_ERROR;
				CLANG_WARN_DOCUMENTATION_COMMENTS = YES;
				CLANG_WARN_EMPTY_BODY = YES;
				CLANG_WARN_ENUM_CONVERSION = YES;
				CLANG_WARN_INFINITE_RECURSION = YES;
				CLANG_WARN_INT_CONVERSION = YES;
				CLANG_WARN_NON_LITERAL_NULL_CONVERSION = YES;
				CLANG_WARN_OBJC_IMPLICIT_RETAIN_SELF = YES;
				CLANG_WARN_OBJC_LITERAL_CONVERSION = YES;
				CLANG_WARN_OBJC_ROOT_CLASS = YES_ERROR;
				CLANG_WARN_QUOTED_INCLUDE_IN_FRAMEWORK_HEADER = YES;
				CLANG_WARN_RANGE_LOOP_ANALYSIS = YES;
				CLANG_WARN_STRICT_PROTOTYPES = YES;
				CLANG_WARN_SUSPICIOUS_MOVE = YES;
				CLANG_WARN_UNGUARDED_AVAILABILITY = YES_AGGRESSIVE;
				CLANG_WARN_UNREACHABLE_CODE = YES;
				CLANG_WARN__DUPLICATE_METHOD_MATCH = YES;
				COPY_PHASE_STRIP = NO;
				DEBUG_INFORMATION_FORMAT = "dwarf-with-dsym";
				ENABLE_NS_ASSERTIONS = NO;
				ENABLE_STRICT_OBJC_MSGSEND = YES;
				GCC_C_LANGUAGE_STANDARD = gnu11;
				GCC_NO_COMMON_BLOCKS = YES;
				GCC_WARN_64_TO_32_BIT_CONVERSION = YES;
				GCC_WARN_ABOUT_RETURN_TYPE = YES_ERROR;
				GCC_WARN_UNDECLARED_SELECTOR = YES;
				GCC_WARN_UNINITIALIZED_AUTOS = YES_AGGRESSIVE;
				GCC_WARN_UNUSED_FUNCTION = YES;
				GCC_WARN_UNUSED_VARIABLE = YES;
				IPHONEOS_DEPLOYMENT_TARGET = 16.0;
				MTL_ENABLE_DEBUG_INFO = NO;
				MTL_FAST_MATH = YES;
				SDKROOT = iphoneos;
				SWIFT_COMPILATION_MODE = wholemodule;
				SWIFT_OPTIMIZATION_LEVEL = "-O";
				VALIDATE_PRODUCT = YES;
			};
			name = Release;
		};
		273A70652969E42100B52B4D /* Debug */ = {
			isa = XCBuildConfiguration;
			buildSettings = {
				ASSETCATALOG_COMPILER_APPICON_NAME = AppIcon;
				ASSETCATALOG_COMPILER_GLOBAL_ACCENT_COLOR_NAME = AccentColor;
				CODE_SIGN_STYLE = Automatic;
				CURRENT_PROJECT_VERSION = 1;
				DEVELOPMENT_ASSET_PATHS = "\"MyDictionary/Preview Content\"";
				DEVELOPMENT_TEAM = PWK5WLZ6R6;
				ENABLE_PREVIEWS = YES;
				GENERATE_INFOPLIST_FILE = YES;
				INFOPLIST_KEY_UIApplicationSceneManifest_Generation = YES;
				INFOPLIST_KEY_UIApplicationSupportsIndirectInputEvents = YES;
				INFOPLIST_KEY_UILaunchScreen_Generation = YES;
				INFOPLIST_KEY_UISupportedInterfaceOrientations_iPad = "UIInterfaceOrientationPortrait UIInterfaceOrientationPortraitUpsideDown UIInterfaceOrientationLandscapeLeft UIInterfaceOrientationLandscapeRight";
				INFOPLIST_KEY_UISupportedInterfaceOrientations_iPhone = "UIInterfaceOrientationPortrait UIInterfaceOrientationLandscapeLeft UIInterfaceOrientationLandscapeRight";
				LD_RUNPATH_SEARCH_PATHS = (
					"$(inherited)",
					"@executable_path/Frameworks",
				);
				MARKETING_VERSION = 1.0;
				PRODUCT_BUNDLE_IDENTIFIER = com.LearningSample.MyDictionary;
				PRODUCT_NAME = "$(TARGET_NAME)";
				SWIFT_EMIT_LOC_STRINGS = YES;
				SWIFT_VERSION = 5.0;
				TARGETED_DEVICE_FAMILY = "1,2";
			};
			name = Debug;
		};
		273A70662969E42100B52B4D /* Release */ = {
			isa = XCBuildConfiguration;
			buildSettings = {
				ASSETCATALOG_COMPILER_APPICON_NAME = AppIcon;
				ASSETCATALOG_COMPILER_GLOBAL_ACCENT_COLOR_NAME = AccentColor;
				CODE_SIGN_STYLE = Automatic;
				CURRENT_PROJECT_VERSION = 1;
				DEVELOPMENT_ASSET_PATHS = "\"MyDictionary/Preview Content\"";
				DEVELOPMENT_TEAM = PWK5WLZ6R6;
				ENABLE_PREVIEWS = YES;
				GENERATE_INFOPLIST_FILE = YES;
				INFOPLIST_KEY_UIApplicationSceneManifest_Generation = YES;
				INFOPLIST_KEY_UIApplicationSupportsIndirectInputEvents = YES;
				INFOPLIST_KEY_UILaunchScreen_Generation = YES;
				INFOPLIST_KEY_UISupportedInterfaceOrientations_iPad = "UIInterfaceOrientationPortrait UIInterfaceOrientationPortraitUpsideDown UIInterfaceOrientationLandscapeLeft UIInterfaceOrientationLandscapeRight";
				INFOPLIST_KEY_UISupportedInterfaceOrientations_iPhone = "UIInterfaceOrientationPortrait UIInterfaceOrientationLandscapeLeft UIInterfaceOrientationLandscapeRight";
				LD_RUNPATH_SEARCH_PATHS = (
					"$(inherited)",
					"@executable_path/Frameworks",
				);
				MARKETING_VERSION = 1.0;
				PRODUCT_BUNDLE_IDENTIFIER = com.LearningSample.MyDictionary;
				PRODUCT_NAME = "$(TARGET_NAME)";
				SWIFT_EMIT_LOC_STRINGS = YES;
				SWIFT_VERSION = 5.0;
				TARGETED_DEVICE_FAMILY = "1,2";
			};
			name = Release;
		};
		273A70682969E42100B52B4D /* Debug */ = {
			isa = XCBuildConfiguration;
			buildSettings = {
				ALWAYS_EMBED_SWIFT_STANDARD_LIBRARIES = YES;
				BUNDLE_LOADER = "$(TEST_HOST)";
				CODE_SIGN_STYLE = Automatic;
				CURRENT_PROJECT_VERSION = 1;
				DEVELOPMENT_TEAM = PWK5WLZ6R6;
				GENERATE_INFOPLIST_FILE = YES;
				IPHONEOS_DEPLOYMENT_TARGET = 16.0;
				MARKETING_VERSION = 1.0;
				PRODUCT_BUNDLE_IDENTIFIER = com.LearningSample.MyDictionaryTests;
				PRODUCT_NAME = "$(TARGET_NAME)";
				SWIFT_EMIT_LOC_STRINGS = NO;
				SWIFT_VERSION = 5.0;
				TARGETED_DEVICE_FAMILY = "1,2";
				TEST_HOST = "$(BUILT_PRODUCTS_DIR)/MyDictionary.app/$(BUNDLE_EXECUTABLE_FOLDER_PATH)/MyDictionary";
			};
			name = Debug;
		};
		273A70692969E42100B52B4D /* Release */ = {
			isa = XCBuildConfiguration;
			buildSettings = {
				ALWAYS_EMBED_SWIFT_STANDARD_LIBRARIES = YES;
				BUNDLE_LOADER = "$(TEST_HOST)";
				CODE_SIGN_STYLE = Automatic;
				CURRENT_PROJECT_VERSION = 1;
				DEVELOPMENT_TEAM = PWK5WLZ6R6;
				GENERATE_INFOPLIST_FILE = YES;
				IPHONEOS_DEPLOYMENT_TARGET = 16.0;
				MARKETING_VERSION = 1.0;
				PRODUCT_BUNDLE_IDENTIFIER = com.LearningSample.MyDictionaryTests;
				PRODUCT_NAME = "$(TARGET_NAME)";
				SWIFT_EMIT_LOC_STRINGS = NO;
				SWIFT_VERSION = 5.0;
				TARGETED_DEVICE_FAMILY = "1,2";
				TEST_HOST = "$(BUILT_PRODUCTS_DIR)/MyDictionary.app/$(BUNDLE_EXECUTABLE_FOLDER_PATH)/MyDictionary";
			};
			name = Release;
		};
		273A706B2969E42100B52B4D /* Debug */ = {
			isa = XCBuildConfiguration;
			buildSettings = {
				ALWAYS_EMBED_SWIFT_STANDARD_LIBRARIES = YES;
				CODE_SIGN_STYLE = Automatic;
				CURRENT_PROJECT_VERSION = 1;
				DEVELOPMENT_TEAM = PWK5WLZ6R6;
				GENERATE_INFOPLIST_FILE = YES;
				MARKETING_VERSION = 1.0;
				PRODUCT_BUNDLE_IDENTIFIER = com.LearningSample.MyDictionaryUITests;
				PRODUCT_NAME = "$(TARGET_NAME)";
				SWIFT_EMIT_LOC_STRINGS = NO;
				SWIFT_VERSION = 5.0;
				TARGETED_DEVICE_FAMILY = "1,2";
				TEST_TARGET_NAME = MyDictionary;
			};
			name = Debug;
		};
		273A706C2969E42100B52B4D /* Release */ = {
			isa = XCBuildConfiguration;
			buildSettings = {
				ALWAYS_EMBED_SWIFT_STANDARD_LIBRARIES = YES;
				CODE_SIGN_STYLE = Automatic;
				CURRENT_PROJECT_VERSION = 1;
				DEVELOPMENT_TEAM = PWK5WLZ6R6;
				GENERATE_INFOPLIST_FILE = YES;
				MARKETING_VERSION = 1.0;
				PRODUCT_BUNDLE_IDENTIFIER = com.LearningSample.MyDictionaryUITests;
				PRODUCT_NAME = "$(TARGET_NAME)";
				SWIFT_EMIT_LOC_STRINGS = NO;
				SWIFT_VERSION = 5.0;
				TARGETED_DEVICE_FAMILY = "1,2";
				TEST_TARGET_NAME = MyDictionary;
			};
			name = Release;
		};
/* End XCBuildConfiguration section */

/* Begin XCConfigurationList section */
		273A703B2969E41D00B52B4D /* Build configuration list for PBXProject "MyDictionary" */ = {
			isa = XCConfigurationList;
			buildConfigurations = (
				273A70622969E42100B52B4D /* Debug */,
				273A70632969E42100B52B4D /* Release */,
			);
			defaultConfigurationIsVisible = 0;
			defaultConfigurationName = Release;
		};
		273A70642969E42100B52B4D /* Build configuration list for PBXNativeTarget "MyDictionary" */ = {
			isa = XCConfigurationList;
			buildConfigurations = (
				273A70652969E42100B52B4D /* Debug */,
				273A70662969E42100B52B4D /* Release */,
			);
			defaultConfigurationIsVisible = 0;
			defaultConfigurationName = Release;
		};
		273A70672969E42100B52B4D /* Build configuration list for PBXNativeTarget "MyDictionaryTests" */ = {
			isa = XCConfigurationList;
			buildConfigurations = (
				273A70682969E42100B52B4D /* Debug */,
				273A70692969E42100B52B4D /* Release */,
			);
			defaultConfigurationIsVisible = 0;
			defaultConfigurationName = Release;
		};
		273A706A2969E42100B52B4D /* Build configuration list for PBXNativeTarget "MyDictionaryUITests" */ = {
			isa = XCConfigurationList;
			buildConfigurations = (
				273A706B2969E42100B52B4D /* Debug */,
				273A706C2969E42100B52B4D /* Release */,
			);
			defaultConfigurationIsVisible = 0;
			defaultConfigurationName = Release;
		};
/* End XCConfigurationList section */
	};
	rootObject = 273A70382969E41D00B52B4D /* Project object */;
}
